
Microsoft Visual Studio Solution File, Format Version 12.00
# Visual Studio Version 16
VisualStudioVersion = 16.0.31112.23
MinimumVisualStudioVersion = 10.0.40219.1
Project("{FAE04EC0-301F-11D3-BF4B-00C04F79EFBC}") = "Data structures", "Data structures.csproj", "{3C8E7F4F-B4C0-4439-BF39-C68A34384E33}"
EndProject
Global
	GlobalSection(SolutionConfigurationPlatforms) = preSolution
		Debug|Any CPU = Debug|Any CPU
		Release|Any CPU = Release|Any CPU
	EndGlobalSection
	GlobalSection(ProjectConfigurationPlatforms) = postSolution
		{3C8E7F4F-B4C0-4439-BF39-C68A34384E33}.Debug|Any CPU.ActiveCfg = Debug|Any CPU
		{3C8E7F4F-B4C0-4439-BF39-C68A34384E33}.Debug|Any CPU.Build.0 = Debug|Any CPU
		{3C8E7F4F-B4C0-4439-BF39-C68A34384E33}.Release|Any CPU.ActiveCfg = Release|Any CPU
		{3C8E7F4F-B4C0-4439-BF39-C68A34384E33}.Release|Any CPU.Build.0 = Release|Any CPU
	EndGlobalSection
	GlobalSection(SolutionProperties) = preSolution
		HideSolutionNode = FALSE
	EndGlobalSection
	GlobalSection(ExtensibilityGlobals) = postSolution
		SolutionGuid = {102C33C9-F341-489A-A89D-0F7B33C589C2}
	EndGlobalSection
EndGlobal
